
Microsoft Visual Studio Solution File, Format Version 12.00
# Visual Studio Version 16
VisualStudioVersion = 16.0.30320.27
MinimumVisualStudioVersion = 10.0.40219.1
Project("{8BC9CEB8-8B4A-11D0-8D11-00A0C91BC942}") = "ConsoleSnake", "ConsoleSnake\ConsoleSnake.vcxproj", "{73BC5C33-5DE6-4E60-99D6-410559DD548B}"
EndProject
Global
	GlobalSection(SolutionConfigurationPlatforms) = preSolution
		Debug|x64 = Debug|x64
		Debug|x86 = Debug|x86
		Release|x64 = Release|x64
		Release|x86 = Release|x86
	EndGlobalSection
	GlobalSection(ProjectConfigurationPlatforms) = postSolution
		{73BC5C33-5DE6-4E60-99D6-410559DD548B}.Debug|x64.ActiveCfg = Debug|x64
		{73BC5C33-5DE6-4E60-99D6-410559DD548B}.Debug|x64.Build.0 = Debug|x64
		{73BC5C33-5DE6-4E60-99D6-410559DD548B}.Debug|x86.ActiveCfg = Debug|Win32
		{73BC5C33-5DE6-4E60-99D6-410559DD548B}.Debug|x86.Build.0 = Debug|Win32
		{73BC5C33-5DE6-4E60-99D6-410559DD548B}.Release|x64.ActiveCfg = Release|x64
		{73BC5C33-5DE6-4E60-99D6-410559DD548B}.Release|x64.Build.0 = Release|x64
		{73BC5C33-5DE6-4E60-99D6-410559DD548B}.Release|x86.ActiveCfg = Release|Win32
		{73BC5C33-5DE6-4E60-99D6-410559DD548B}.Release|x86.Build.0 = Release|Win32
	EndGlobalSection
	GlobalSection(SolutionProperties) = preSolution
		HideSolutionNode = FALSE
	EndGlobalSection
	GlobalSection(ExtensibilityGlobals) = postSolution
		SolutionGuid = {86A968C6-C6F2-480E-8282-665BA5CD8813}
	EndGlobalSection
EndGlobal
